
Microsoft Visual Studio Solution File, Format Version 12.00
# Visual Studio Version 17
VisualStudioVersion = 17.10.35027.167
MinimumVisualStudioVersion = 10.0.40219.1
Project("{8BC9CEB8-8B4A-11D0-8D11-00A0C91BC942}") = "TicToc", "TicToc.vcxproj", "{3AB2DE72-59DA-443D-A857-4CDA24A05E98}"
EndProject
Global
	GlobalSection(SolutionConfigurationPlatforms) = preSolution
		Debug|x64 = Debug|x64
		Debug|x86 = Debug|x86
		Release|x64 = Release|x64
		Release|x86 = Release|x86
	EndGlobalSection
	GlobalSection(ProjectConfigurationPlatforms) = postSolution
		{3AB2DE72-59DA-443D-A857-4CDA24A05E98}.Debug|x64.ActiveCfg = Debug|x64
		{3AB2DE72-59DA-443D-A857-4CDA24A05E98}.Debug|x64.Build.0 = Debug|x64
		{3AB2DE72-59DA-443D-A857-4CDA24A05E98}.Debug|x86.ActiveCfg = Debug|Win32
		{3AB2DE72-59DA-443D-A857-4CDA24A05E98}.Debug|x86.Build.0 = Debug|Win32
		{3AB2DE72-59DA-443D-A857-4CDA24A05E98}.Release|x64.ActiveCfg = Release|x64
		{3AB2DE72-59DA-443D-A857-4CDA24A05E98}.Release|x64.Build.0 = Release|x64
		{3AB2DE72-59DA-443D-A857-4CDA24A05E98}.Release|x86.ActiveCfg = Release|Win32
		{3AB2DE72-59DA-443D-A857-4CDA24A05E98}.Release|x86.Build.0 = Release|Win32
	EndGlobalSection
	GlobalSection(SolutionProperties) = preSolution
		HideSolutionNode = FALSE
	EndGlobalSection
	GlobalSection(ExtensibilityGlobals) = postSolution
		SolutionGuid = {DEA1D4A0-936E-424B-A326-6ACD598459B9}
	EndGlobalSection
EndGlobal
